// !$*UTF8*$!
{
	archiveVersion = 1;
	classes = {
	};
	objectVersion = 56;
	objects = {

/* Begin PBXBuildFile section */
		9A3020872A6C5C9D000678A4 /* InputView.swift in Sources */ = {isa = PBXBuildFile; fileRef = 9A3020862A6C5C9D000678A4 /* InputView.swift */; };
		9A3020892A6C6E7B000678A4 /* SecureTextField.swift in Sources */ = {isa = PBXBuildFile; fileRef = 9A3020882A6C6E7B000678A4 /* SecureTextField.swift */; };
		9A4341C42A658B3D00F82E83 /* DeepFitApp.swift in Sources */ = {isa = PBXBuildFile; fileRef = 9A4341C32A658B3D00F82E83 /* DeepFitApp.swift */; };
		9A4341C62A658B3D00F82E83 /* RegisterView.swift in Sources */ = {isa = PBXBuildFile; fileRef = 9A4341C52A658B3D00F82E83 /* RegisterView.swift */; };
		9A4341C82A658B3F00F82E83 /* Assets.xcassets in Resources */ = {isa = PBXBuildFile; fileRef = 9A4341C72A658B3F00F82E83 /* Assets.xcassets */; };
		9A4341CB2A658B3F00F82E83 /* Preview Assets.xcassets in Resources */ = {isa = PBXBuildFile; fileRef = 9A4341CA2A658B3F00F82E83 /* Preview Assets.xcassets */; };
		9A4341D52A658B3F00F82E83 /* DeepFitTests.swift in Sources */ = {isa = PBXBuildFile; fileRef = 9A4341D42A658B3F00F82E83 /* DeepFitTests.swift */; };
		9A4341DF2A658B3F00F82E83 /* DeepFitUITests.swift in Sources */ = {isa = PBXBuildFile; fileRef = 9A4341DE2A658B3F00F82E83 /* DeepFitUITests.swift */; };
		9A4341E12A658B3F00F82E83 /* DeepFitUITestsLaunchTests.swift in Sources */ = {isa = PBXBuildFile; fileRef = 9A4341E02A658B3F00F82E83 /* DeepFitUITestsLaunchTests.swift */; };
		9A616DCA2A69C97800B63214 /* Gilroy.ttf in Resources */ = {isa = PBXBuildFile; fileRef = 9A616DC92A69C97800B63214 /* Gilroy.ttf */; };
		9A616DCC2A69D54200B63214 /* ToggleView.swift in Sources */ = {isa = PBXBuildFile; fileRef = 9A616DCB2A69D54200B63214 /* ToggleView.swift */; };
		9A806AB22A65B52200AEE0AE /* APIService.swift in Sources */ = {isa = PBXBuildFile; fileRef = 9A806AB12A65B52200AEE0AE /* APIService.swift */; };
		9A806AB42A65B56B00AEE0AE /* RegisterViewModel.swift in Sources */ = {isa = PBXBuildFile; fileRef = 9A806AB32A65B56B00AEE0AE /* RegisterViewModel.swift */; };
		9AA1ECE22A667DDC004685F9 /* Facon.ttf in Resources */ = {isa = PBXBuildFile; fileRef = 9AA1ECE12A667DDC004685F9 /* Facon.ttf */; };
/* End PBXBuildFile section */

/* Begin PBXContainerItemProxy section */
		9A4341D12A658B3F00F82E83 /* PBXContainerItemProxy */ = {
			isa = PBXContainerItemProxy;
			containerPortal = 9A4341B82A658B3D00F82E83 /* Project object */;
			proxyType = 1;
			remoteGlobalIDString = 9A4341BF2A658B3D00F82E83;
			remoteInfo = DeepFit;
		};
		9A4341DB2A658B3F00F82E83 /* PBXContainerItemProxy */ = {
			isa = PBXContainerItemProxy;
			containerPortal = 9A4341B82A658B3D00F82E83 /* Project object */;
			proxyType = 1;
			remoteGlobalIDString = 9A4341BF2A658B3D00F82E83;
			remoteInfo = DeepFit;
		};
/* End PBXContainerItemProxy section */

/* Begin PBXFileReference section */
		9A3020862A6C5C9D000678A4 /* InputView.swift */ = {isa = PBXFileReference; lastKnownFileType = sourcecode.swift; path = InputView.swift; sourceTree = "<group>"; };
		9A3020882A6C6E7B000678A4 /* SecureTextField.swift */ = {isa = PBXFileReference; lastKnownFileType = sourcecode.swift; path = SecureTextField.swift; sourceTree = "<group>"; };
		9A4341C02A658B3D00F82E83 /* DeepFit.app */ = {isa = PBXFileReference; explicitFileType = wrapper.application; includeInIndex = 0; path = DeepFit.app; sourceTree = BUILT_PRODUCTS_DIR; };
		9A4341C32A658B3D00F82E83 /* DeepFitApp.swift */ = {isa = PBXFileReference; lastKnownFileType = sourcecode.swift; path = DeepFitApp.swift; sourceTree = "<group>"; };
		9A4341C52A658B3D00F82E83 /* RegisterView.swift */ = {isa = PBXFileReference; lastKnownFileType = sourcecode.swift; path = RegisterView.swift; sourceTree = "<group>"; };
		9A4341C72A658B3F00F82E83 /* Assets.xcassets */ = {isa = PBXFileReference; lastKnownFileType = folder.assetcatalog; path = Assets.xcassets; sourceTree = "<group>"; };
		9A4341CA2A658B3F00F82E83 /* Preview Assets.xcassets */ = {isa = PBXFileReference; lastKnownFileType = folder.assetcatalog; path = "Preview Assets.xcassets"; sourceTree = "<group>"; };
		9A4341D02A658B3F00F82E83 /* DeepFitTests.xctest */ = {isa = PBXFileReference; explicitFileType = wrapper.cfbundle; includeInIndex = 0; path = DeepFitTests.xctest; sourceTree = BUILT_PRODUCTS_DIR; };
		9A4341D42A658B3F00F82E83 /* DeepFitTests.swift */ = {isa = PBXFileReference; lastKnownFileType = sourcecode.swift; path = DeepFitTests.swift; sourceTree = "<group>"; };
		9A4341DA2A658B3F00F82E83 /* DeepFitUITests.xctest */ = {isa = PBXFileReference; explicitFileType = wrapper.cfbundle; includeInIndex = 0; path = DeepFitUITests.xctest; sourceTree = BUILT_PRODUCTS_DIR; };
		9A4341DE2A658B3F00F82E83 /* DeepFitUITests.swift */ = {isa = PBXFileReference; lastKnownFileType = sourcecode.swift; path = DeepFitUITests.swift; sourceTree = "<group>"; };
		9A4341E02A658B3F00F82E83 /* DeepFitUITestsLaunchTests.swift */ = {isa = PBXFileReference; lastKnownFileType = sourcecode.swift; path = DeepFitUITestsLaunchTests.swift; sourceTree = "<group>"; };
		9A616DC92A69C97800B63214 /* Gilroy.ttf */ = {isa = PBXFileReference; lastKnownFileType = file; path = Gilroy.ttf; sourceTree = "<group>"; };
		9A616DCB2A69D54200B63214 /* ToggleView.swift */ = {isa = PBXFileReference; lastKnownFileType = sourcecode.swift; path = ToggleView.swift; sourceTree = "<group>"; };
		9A806AB12A65B52200AEE0AE /* APIService.swift */ = {isa = PBXFileReference; lastKnownFileType = sourcecode.swift; path = APIService.swift; sourceTree = "<group>"; };
		9A806AB32A65B56B00AEE0AE /* RegisterViewModel.swift */ = {isa = PBXFileReference; lastKnownFileType = sourcecode.swift; path = RegisterViewModel.swift; sourceTree = "<group>"; };
		9AA1ECE12A667DDC004685F9 /* Facon.ttf */ = {isa = PBXFileReference; lastKnownFileType = file; path = Facon.ttf; sourceTree = "<group>"; };
/* End PBXFileReference section */

/* Begin PBXFrameworksBuildPhase section */
		9A4341BD2A658B3D00F82E83 /* Frameworks */ = {
			isa = PBXFrameworksBuildPhase;
			buildActionMask = 2147483647;
			files = (
			);
			runOnlyForDeploymentPostprocessing = 0;
		};
		9A4341CD2A658B3F00F82E83 /* Frameworks */ = {
			isa = PBXFrameworksBuildPhase;
			buildActionMask = 2147483647;
			files = (
			);
			runOnlyForDeploymentPostprocessing = 0;
		};
		9A4341D72A658B3F00F82E83 /* Frameworks */ = {
			isa = PBXFrameworksBuildPhase;
			buildActionMask = 2147483647;
			files = (
			);
			runOnlyForDeploymentPostprocessing = 0;
		};
/* End PBXFrameworksBuildPhase section */

/* Begin PBXGroup section */
		9A4341B72A658B3D00F82E83 = {
			isa = PBXGroup;
			children = (
				9A4341C22A658B3D00F82E83 /* DeepFit */,
				9A4341D32A658B3F00F82E83 /* DeepFitTests */,
				9A4341DD2A658B3F00F82E83 /* DeepFitUITests */,
				9A4341C12A658B3D00F82E83 /* Products */,
			);
			sourceTree = "<group>";
		};
		9A4341C12A658B3D00F82E83 /* Products */ = {
			isa = PBXGroup;
			children = (
				9A4341C02A658B3D00F82E83 /* DeepFit.app */,
				9A4341D02A658B3F00F82E83 /* DeepFitTests.xctest */,
				9A4341DA2A658B3F00F82E83 /* DeepFitUITests.xctest */,
			);
			name = Products;
			sourceTree = "<group>";
		};
		9A4341C22A658B3D00F82E83 /* DeepFit */ = {
			isa = PBXGroup;
			children = (
				9A4341C32A658B3D00F82E83 /* DeepFitApp.swift */,
				9A616DC72A69C75A00B63214 /* Components */,
				9A806AE42A65D4F200AEE0AE /* Extensions */,
				9A806AB72A65C82B00AEE0AE /* Assets */,
				9A806AB02A65B49F00AEE0AE /* Services */,
				9A806AAC2A65B43800AEE0AE /* Screens */,
				9A806AAB2A65B43200AEE0AE /* Models */,
				9A4341C92A658B3F00F82E83 /* Preview Content */,
			);
			path = DeepFit;
			sourceTree = "<group>";
		};
		9A4341C92A658B3F00F82E83 /* Preview Content */ = {
			isa = PBXGroup;
			children = (
				9A4341CA2A658B3F00F82E83 /* Preview Assets.xcassets */,
			);
			path = "Preview Content";
			sourceTree = "<group>";
		};
		9A4341D32A658B3F00F82E83 /* DeepFitTests */ = {
			isa = PBXGroup;
			children = (
				9A4341D42A658B3F00F82E83 /* DeepFitTests.swift */,
			);
			path = DeepFitTests;
			sourceTree = "<group>";
		};
		9A4341DD2A658B3F00F82E83 /* DeepFitUITests */ = {
			isa = PBXGroup;
			children = (
				9A4341DE2A658B3F00F82E83 /* DeepFitUITests.swift */,
				9A4341E02A658B3F00F82E83 /* DeepFitUITestsLaunchTests.swift */,
			);
			path = DeepFitUITests;
			sourceTree = "<group>";
		};
		9A616DC72A69C75A00B63214 /* Components */ = {
			isa = PBXGroup;
			children = (
				9A616DCB2A69D54200B63214 /* ToggleView.swift */,
				9A3020862A6C5C9D000678A4 /* InputView.swift */,
				9A3020882A6C6E7B000678A4 /* SecureTextField.swift */,
			);
			path = Components;
			sourceTree = "<group>";
		};
		9A616DC82A69C79C00B63214 /* RegisterView */ = {
			isa = PBXGroup;
			children = (
				9A806AB32A65B56B00AEE0AE /* RegisterViewModel.swift */,
				9A4341C52A658B3D00F82E83 /* RegisterView.swift */,
			);
			path = RegisterView;
			sourceTree = "<group>";
		};
		9A806AAB2A65B43200AEE0AE /* Models */ = {
			isa = PBXGroup;
			children = (
			);
			path = Models;
			sourceTree = "<group>";
		};
		9A806AAC2A65B43800AEE0AE /* Screens */ = {
			isa = PBXGroup;
			children = (
				9A616DC82A69C79C00B63214 /* RegisterView */,
			);
			path = Screens;
			sourceTree = "<group>";
		};
		9A806AB02A65B49F00AEE0AE /* Services */ = {
			isa = PBXGroup;
			children = (
				9A806AB12A65B52200AEE0AE /* APIService.swift */,
			);
			path = Services;
			sourceTree = "<group>";
		};
		9A806AB72A65C82B00AEE0AE /* Assets */ = {
			isa = PBXGroup;
			children = (
				9A806AB82A65C84800AEE0AE /* CustomFonts */,
				9A4341C72A658B3F00F82E83 /* Assets.xcassets */,
			);
			path = Assets;
			sourceTree = "<group>";
		};
		9A806AB82A65C84800AEE0AE /* CustomFonts */ = {
			isa = PBXGroup;
			children = (
				9A616DC92A69C97800B63214 /* Gilroy.ttf */,
				9AA1ECE12A667DDC004685F9 /* Facon.ttf */,
			);
			path = CustomFonts;
			sourceTree = "<group>";
		};
		9A806AE42A65D4F200AEE0AE /* Extensions */ = {
			isa = PBXGroup;
			children = (
			);
			path = Extensions;
			sourceTree = "<group>";
		};
/* End PBXGroup section */

/* Begin PBXNativeTarget section */
		9A4341BF2A658B3D00F82E83 /* DeepFit */ = {
			isa = PBXNativeTarget;
			buildConfigurationList = 9A4341E42A658B3F00F82E83 /* Build configuration list for PBXNativeTarget "DeepFit" */;
			buildPhases = (
				9A4341BC2A658B3D00F82E83 /* Sources */,
				9A4341BD2A658B3D00F82E83 /* Frameworks */,
				9A4341BE2A658B3D00F82E83 /* Resources */,
			);
			buildRules = (
			);
			dependencies = (
			);
			name = DeepFit;
			productName = DeepFit;
			productReference = 9A4341C02A658B3D00F82E83 /* DeepFit.app */;
			productType = "com.apple.product-type.application";
		};
		9A4341CF2A658B3F00F82E83 /* DeepFitTests */ = {
			isa = PBXNativeTarget;
			buildConfigurationList = 9A4341E72A658B3F00F82E83 /* Build configuration list for PBXNativeTarget "DeepFitTests" */;
			buildPhases = (
				9A4341CC2A658B3F00F82E83 /* Sources */,
				9A4341CD2A658B3F00F82E83 /* Frameworks */,
				9A4341CE2A658B3F00F82E83 /* Resources */,
			);
			buildRules = (
			);
			dependencies = (
				9A4341D22A658B3F00F82E83 /* PBXTargetDependency */,
			);
			name = DeepFitTests;
			productName = DeepFitTests;
			productReference = 9A4341D02A658B3F00F82E83 /* DeepFitTests.xctest */;
			productType = "com.apple.product-type.bundle.unit-test";
		};
		9A4341D92A658B3F00F82E83 /* DeepFitUITests */ = {
			isa = PBXNativeTarget;
			buildConfigurationList = 9A4341EA2A658B3F00F82E83 /* Build configuration list for PBXNativeTarget "DeepFitUITests" */;
			buildPhases = (
				9A4341D62A658B3F00F82E83 /* Sources */,
				9A4341D72A658B3F00F82E83 /* Frameworks */,
				9A4341D82A658B3F00F82E83 /* Resources */,
			);
			buildRules = (
			);
			dependencies = (
				9A4341DC2A658B3F00F82E83 /* PBXTargetDependency */,
			);
			name = DeepFitUITests;
			productName = DeepFitUITests;
			productReference = 9A4341DA2A658B3F00F82E83 /* DeepFitUITests.xctest */;
			productType = "com.apple.product-type.bundle.ui-testing";
		};
/* End PBXNativeTarget section */

/* Begin PBXProject section */
		9A4341B82A658B3D00F82E83 /* Project object */ = {
			isa = PBXProject;
			attributes = {
				BuildIndependentTargetsInParallel = 1;
				LastSwiftUpdateCheck = 1400;
				LastUpgradeCheck = 1400;
				TargetAttributes = {
					9A4341BF2A658B3D00F82E83 = {
						CreatedOnToolsVersion = 14.0.1;
					};
					9A4341CF2A658B3F00F82E83 = {
						CreatedOnToolsVersion = 14.0.1;
						TestTargetID = 9A4341BF2A658B3D00F82E83;
					};
					9A4341D92A658B3F00F82E83 = {
						CreatedOnToolsVersion = 14.0.1;
						TestTargetID = 9A4341BF2A658B3D00F82E83;
					};
				};
			};
			buildConfigurationList = 9A4341BB2A658B3D00F82E83 /* Build configuration list for PBXProject "DeepFit" */;
			compatibilityVersion = "Xcode 14.0";
			developmentRegion = en;
			hasScannedForEncodings = 0;
			knownRegions = (
				en,
				Base,
			);
			mainGroup = 9A4341B72A658B3D00F82E83;
			productRefGroup = 9A4341C12A658B3D00F82E83 /* Products */;
			projectDirPath = "";
			projectRoot = "";
			targets = (
				9A4341BF2A658B3D00F82E83 /* DeepFit */,
				9A4341CF2A658B3F00F82E83 /* DeepFitTests */,
				9A4341D92A658B3F00F82E83 /* DeepFitUITests */,
			);
		};
/* End PBXProject section */

/* Begin PBXResourcesBuildPhase section */
		9A4341BE2A658B3D00F82E83 /* Resources */ = {
			isa = PBXResourcesBuildPhase;
			buildActionMask = 2147483647;
			files = (
				9A4341CB2A658B3F00F82E83 /* Preview Assets.xcassets in Resources */,
				9AA1ECE22A667DDC004685F9 /* Facon.ttf in Resources */,
				9A4341C82A658B3F00F82E83 /* Assets.xcassets in Resources */,
				9A616DCA2A69C97800B63214 /* Gilroy.ttf in Resources */,
			);
			runOnlyForDeploymentPostprocessing = 0;
		};
		9A4341CE2A658B3F00F82E83 /* Resources */ = {
			isa = PBXResourcesBuildPhase;
			buildActionMask = 2147483647;
			files = (
			);
			runOnlyForDeploymentPostprocessing = 0;
		};
		9A4341D82A658B3F00F82E83 /* Resources */ = {
			isa = PBXResourcesBuildPhase;
			buildActionMask = 2147483647;
			files = (
			);
			runOnlyForDeploymentPostprocessing = 0;
		};
/* End PBXResourcesBuildPhase section */

/* Begin PBXSourcesBuildPhase section */
		9A4341BC2A658B3D00F82E83 /* Sources */ = {
			isa = PBXSourcesBuildPhase;
			buildActionMask = 2147483647;
			files = (
				9A806AB42A65B56B00AEE0AE /* RegisterViewModel.swift in Sources */,
				9A4341C62A658B3D00F82E83 /* RegisterView.swift in Sources */,
				9A806AB22A65B52200AEE0AE /* APIService.swift in Sources */,
				9A3020872A6C5C9D000678A4 /* InputView.swift in Sources */,
				9A3020892A6C6E7B000678A4 /* SecureTextField.swift in Sources */,
				9A616DCC2A69D54200B63214 /* ToggleView.swift in Sources */,
				9A4341C42A658B3D00F82E83 /* DeepFitApp.swift in Sources */,
			);
			runOnlyForDeploymentPostprocessing = 0;
		};
		9A4341CC2A658B3F00F82E83 /* Sources */ = {
			isa = PBXSourcesBuildPhase;
			buildActionMask = 2147483647;
			files = (
				9A4341D52A658B3F00F82E83 /* DeepFitTests.swift in Sources */,
			);
			runOnlyForDeploymentPostprocessing = 0;
		};
		9A4341D62A658B3F00F82E83 /* Sources */ = {
			isa = PBXSourcesBuildPhase;
			buildActionMask = 2147483647;
			files = (
				9A4341E12A658B3F00F82E83 /* DeepFitUITestsLaunchTests.swift in Sources */,
				9A4341DF2A658B3F00F82E83 /* DeepFitUITests.swift in Sources */,
			);
			runOnlyForDeploymentPostprocessing = 0;
		};
/* End PBXSourcesBuildPhase section */

/* Begin PBXTargetDependency section */
		9A4341D22A658B3F00F82E83 /* PBXTargetDependency */ = {
			isa = PBXTargetDependency;
			target = 9A4341BF2A658B3D00F82E83 /* DeepFit */;
			targetProxy = 9A4341D12A658B3F00F82E83 /* PBXContainerItemProxy */;
		};
		9A4341DC2A658B3F00F82E83 /* PBXTargetDependency */ = {
			isa = PBXTargetDependency;
			target = 9A4341BF2A658B3D00F82E83 /* DeepFit */;
			targetProxy = 9A4341DB2A658B3F00F82E83 /* PBXContainerItemProxy */;
		};
/* End PBXTargetDependency section */

/* Begin XCBuildConfiguration section */
		9A4341E22A658B3F00F82E83 /* Debug */ = {
			isa = XCBuildConfiguration;
			buildSettings = {
				ALWAYS_SEARCH_USER_PATHS = NO;
				CLANG_ANALYZER_NONNULL = YES;
				CLANG_ANALYZER_NUMBER_OBJECT_CONVERSION = YES_AGGRESSIVE;
				CLANG_CXX_LANGUAGE_STANDARD = "gnu++20";
				CLANG_ENABLE_MODULES = YES;
				CLANG_ENABLE_OBJC_ARC = YES;
				CLANG_ENABLE_OBJC_WEAK = YES;
				CLANG_WARN_BLOCK_CAPTURE_AUTORELEASING = YES;
				CLANG_WARN_BOOL_CONVERSION = YES;
				CLANG_WARN_COMMA = YES;
				CLANG_WARN_CONSTANT_CONVERSION = YES;
				CLANG_WARN_DEPRECATED_OBJC_IMPLEMENTATIONS = YES;
				CLANG_WARN_DIRECT_OBJC_ISA_USAGE = YES_ERROR;
				CLANG_WARN_DOCUMENTATION_COMMENTS = YES;
				CLANG_WARN_EMPTY_BODY = YES;
				CLANG_WARN_ENUM_CONVERSION = YES;
				CLANG_WARN_INFINITE_RECURSION = YES;
				CLANG_WARN_INT_CONVERSION = YES;
				CLANG_WARN_NON_LITERAL_NULL_CONVERSION = YES;
				CLANG_WARN_OBJC_IMPLICIT_RETAIN_SELF = YES;
				CLANG_WARN_OBJC_LITERAL_CONVERSION = YES;
				CLANG_WARN_OBJC_ROOT_CLASS = YES_ERROR;
				CLANG_WARN_QUOTED_INCLUDE_IN_FRAMEWORK_HEADER = YES;
				CLANG_WARN_RANGE_LOOP_ANALYSIS = YES;
				CLANG_WARN_STRICT_PROTOTYPES = YES;
				CLANG_WARN_SUSPICIOUS_MOVE = YES;
				CLANG_WARN_UNGUARDED_AVAILABILITY = YES_AGGRESSIVE;
				CLANG_WARN_UNREACHABLE_CODE = YES;
				CLANG_WARN__DUPLICATE_METHOD_MATCH = YES;
				COPY_PHASE_STRIP = NO;
				DEBUG_INFORMATION_FORMAT = dwarf;
				ENABLE_STRICT_OBJC_MSGSEND = YES;
				ENABLE_TESTABILITY = YES;
				GCC_C_LANGUAGE_STANDARD = gnu11;
				GCC_DYNAMIC_NO_PIC = NO;
				GCC_NO_COMMON_BLOCKS = YES;
				GCC_OPTIMIZATION_LEVEL = 0;
				GCC_PREPROCESSOR_DEFINITIONS = (
					"DEBUG=1",
					"$(inherited)",
				);
				GCC_WARN_64_TO_32_BIT_CONVERSION = YES;
				GCC_WARN_ABOUT_RETURN_TYPE = YES_ERROR;
				GCC_WARN_UNDECLARED_SELECTOR = YES;
				GCC_WARN_UNINITIALIZED_AUTOS = YES_AGGRESSIVE;
				GCC_WARN_UNUSED_FUNCTION = YES;
				GCC_WARN_UNUSED_VARIABLE = YES;
				IPHONEOS_DEPLOYMENT_TARGET = 16.0;
				MTL_ENABLE_DEBUG_INFO = INCLUDE_SOURCE;
				MTL_FAST_MATH = YES;
				ONLY_ACTIVE_ARCH = YES;
				SDKROOT = iphoneos;
				SWIFT_ACTIVE_COMPILATION_CONDITIONS = DEBUG;
				SWIFT_OPTIMIZATION_LEVEL = "-Onone";
			};
			name = Debug;
		};
		9A4341E32A658B3F00F82E83 /* Release */ = {
			isa = XCBuildConfiguration;
			buildSettings = {
				ALWAYS_SEARCH_USER_PATHS = NO;
				CLANG_ANALYZER_NONNULL = YES;
				CLANG_ANALYZER_NUMBER_OBJECT_CONVERSION = YES_AGGRESSIVE;
				CLANG_CXX_LANGUAGE_STANDARD = "gnu++20";
				CLANG_ENABLE_MODULES = YES;
				CLANG_ENABLE_OBJC_ARC = YES;
				CLANG_ENABLE_OBJC_WEAK = YES;
				CLANG_WARN_BLOCK_CAPTURE_AUTORELEASING = YES;
				CLANG_WARN_BOOL_CONVERSION = YES;
				CLANG_WARN_COMMA = YES;
				CLANG_WARN_CONSTANT_CONVERSION = YES;
				CLANG_WARN_DEPRECATED_OBJC_IMPLEMENTATIONS = YES;
				CLANG_WARN_DIRECT_OBJC_ISA_USAGE = YES_ERROR;
				CLANG_WARN_DOCUMENTATION_COMMENTS = YES;
				CLANG_WARN_EMPTY_BODY = YES;
				CLANG_WARN_ENUM_CONVERSION = YES;
				CLANG_WARN_INFINITE_RECURSION = YES;
				CLANG_WARN_INT_CONVERSION = YES;
				CLANG_WARN_NON_LITERAL_NULL_CONVERSION = YES;
				CLANG_WARN_OBJC_IMPLICIT_RETAIN_SELF = YES;
				CLANG_WARN_OBJC_LITERAL_CONVERSION = YES;
				CLANG_WARN_OBJC_ROOT_CLASS = YES_ERROR;
				CLANG_WARN_QUOTED_INCLUDE_IN_FRAMEWORK_HEADER = YES;
				CLANG_WARN_RANGE_LOOP_ANALYSIS = YES;
				CLANG_WARN_STRICT_PROTOTYPES = YES;
				CLANG_WARN_SUSPICIOUS_MOVE = YES;
				CLANG_WARN_UNGUARDED_AVAILABILITY = YES_AGGRESSIVE;
				CLANG_WARN_UNREACHABLE_CODE = YES;
				CLANG_WARN__DUPLICATE_METHOD_MATCH = YES;
				COPY_PHASE_STRIP = NO;
				DEBUG_INFORMATION_FORMAT = "dwarf-with-dsym";
				ENABLE_NS_ASSERTIONS = NO;
				ENABLE_STRICT_OBJC_MSGSEND = YES;
				GCC_C_LANGUAGE_STANDARD = gnu11;
				GCC_NO_COMMON_BLOCKS = YES;
				GCC_WARN_64_TO_32_BIT_CONVERSION = YES;
				GCC_WARN_ABOUT_RETURN_TYPE = YES_ERROR;
				GCC_WARN_UNDECLARED_SELECTOR = YES;
				GCC_WARN_UNINITIALIZED_AUTOS = YES_AGGRESSIVE;
				GCC_WARN_UNUSED_FUNCTION = YES;
				GCC_WARN_UNUSED_VARIABLE = YES;
				IPHONEOS_DEPLOYMENT_TARGET = 16.0;
				MTL_ENABLE_DEBUG_INFO = NO;
				MTL_FAST_MATH = YES;
				SDKROOT = iphoneos;
				SWIFT_COMPILATION_MODE = wholemodule;
				SWIFT_OPTIMIZATION_LEVEL = "-O";
				VALIDATE_PRODUCT = YES;
			};
			name = Release;
		};
		9A4341E52A658B3F00F82E83 /* Debug */ = {
			isa = XCBuildConfiguration;
			buildSettings = {
				ASSETCATALOG_COMPILER_APPICON_NAME = AppIcon;
				ASSETCATALOG_COMPILER_GLOBAL_ACCENT_COLOR_NAME = AccentColor;
				CODE_SIGN_STYLE = Automatic;
				CURRENT_PROJECT_VERSION = 1;
				DEVELOPMENT_ASSET_PATHS = "\"DeepFit/Preview Content\"";
				DEVELOPMENT_TEAM = Y5YT7CJS35;
				ENABLE_PREVIEWS = YES;
				GENERATE_INFOPLIST_FILE = YES;
				INFOPLIST_FILE = DeepFit/Info.plist;
				INFOPLIST_KEY_UIApplicationSceneManifest_Generation = YES;
				INFOPLIST_KEY_UIApplicationSupportsIndirectInputEvents = YES;
				INFOPLIST_KEY_UILaunchScreen_Generation = YES;
				INFOPLIST_KEY_UISupportedInterfaceOrientations_iPad = "UIInterfaceOrientationPortrait UIInterfaceOrientationPortraitUpsideDown UIInterfaceOrientationLandscapeLeft UIInterfaceOrientationLandscapeRight";
				INFOPLIST_KEY_UISupportedInterfaceOrientations_iPhone = "UIInterfaceOrientationPortrait UIInterfaceOrientationLandscapeLeft UIInterfaceOrientationLandscapeRight";
				LD_RUNPATH_SEARCH_PATHS = (
					"$(inherited)",
					"@executable_path/Frameworks",
				);
				MARKETING_VERSION = 1.0;
				PRODUCT_BUNDLE_IDENTIFIER = DeepFit.DeepFit;
				PRODUCT_NAME = "$(TARGET_NAME)";
				SWIFT_EMIT_LOC_STRINGS = YES;
				SWIFT_VERSION = 5.0;
				TARGETED_DEVICE_FAMILY = "1,2";
			};
			name = Debug;
		};
		9A4341E62A658B3F00F82E83 /* Release */ = {
			isa = XCBuildConfiguration;
			buildSettings = {
				ASSETCATALOG_COMPILER_APPICON_NAME = AppIcon;
				ASSETCATALOG_COMPILER_GLOBAL_ACCENT_COLOR_NAME = AccentColor;
				CODE_SIGN_STYLE = Automatic;
				CURRENT_PROJECT_VERSION = 1;
				DEVELOPMENT_ASSET_PATHS = "\"DeepFit/Preview Content\"";
				DEVELOPMENT_TEAM = Y5YT7CJS35;
				ENABLE_PREVIEWS = YES;
				GENERATE_INFOPLIST_FILE = YES;
				INFOPLIST_FILE = DeepFit/Info.plist;
				INFOPLIST_KEY_UIApplicationSceneManifest_Generation = YES;
				INFOPLIST_KEY_UIApplicationSupportsIndirectInputEvents = YES;
				INFOPLIST_KEY_UILaunchScreen_Generation = YES;
				INFOPLIST_KEY_UISupportedInterfaceOrientations_iPad = "UIInterfaceOrientationPortrait UIInterfaceOrientationPortraitUpsideDown UIInterfaceOrientationLandscapeLeft UIInterfaceOrientationLandscapeRight";
				INFOPLIST_KEY_UISupportedInterfaceOrientations_iPhone = "UIInterfaceOrientationPortrait UIInterfaceOrientationLandscapeLeft UIInterfaceOrientationLandscapeRight";
				LD_RUNPATH_SEARCH_PATHS = (
					"$(inherited)",
					"@executable_path/Frameworks",
				);
				MARKETING_VERSION = 1.0;
				PRODUCT_BUNDLE_IDENTIFIER = DeepFit.DeepFit;
				PRODUCT_NAME = "$(TARGET_NAME)";
				SWIFT_EMIT_LOC_STRINGS = YES;
				SWIFT_VERSION = 5.0;
				TARGETED_DEVICE_FAMILY = "1,2";
			};
			name = Release;
		};
		9A4341E82A658B3F00F82E83 /* Debug */ = {
			isa = XCBuildConfiguration;
			buildSettings = {
				ALWAYS_EMBED_SWIFT_STANDARD_LIBRARIES = YES;
				BUNDLE_LOADER = "$(TEST_HOST)";
				CODE_SIGN_STYLE = Automatic;
				CURRENT_PROJECT_VERSION = 1;
				DEVELOPMENT_TEAM = Y5YT7CJS35;
				GENERATE_INFOPLIST_FILE = YES;
				IPHONEOS_DEPLOYMENT_TARGET = 16.0;
				MARKETING_VERSION = 1.0;
				PRODUCT_BUNDLE_IDENTIFIER = DeepFit.DeepFitTests;
				PRODUCT_NAME = "$(TARGET_NAME)";
				SWIFT_EMIT_LOC_STRINGS = NO;
				SWIFT_VERSION = 5.0;
				TARGETED_DEVICE_FAMILY = "1,2";
				TEST_HOST = "$(BUILT_PRODUCTS_DIR)/DeepFit.app/$(BUNDLE_EXECUTABLE_FOLDER_PATH)/DeepFit";
			};
			name = Debug;
		};
		9A4341E92A658B3F00F82E83 /* Release */ = {
			isa = XCBuildConfiguration;
			buildSettings = {
				ALWAYS_EMBED_SWIFT_STANDARD_LIBRARIES = YES;
				BUNDLE_LOADER = "$(TEST_HOST)";
				CODE_SIGN_STYLE = Automatic;
				CURRENT_PROJECT_VERSION = 1;
				DEVELOPMENT_TEAM = Y5YT7CJS35;
				GENERATE_INFOPLIST_FILE = YES;
				IPHONEOS_DEPLOYMENT_TARGET = 16.0;
				MARKETING_VERSION = 1.0;
				PRODUCT_BUNDLE_IDENTIFIER = DeepFit.DeepFitTests;
				PRODUCT_NAME = "$(TARGET_NAME)";
				SWIFT_EMIT_LOC_STRINGS = NO;
				SWIFT_VERSION = 5.0;
				TARGETED_DEVICE_FAMILY = "1,2";
				TEST_HOST = "$(BUILT_PRODUCTS_DIR)/DeepFit.app/$(BUNDLE_EXECUTABLE_FOLDER_PATH)/DeepFit";
			};
			name = Release;
		};
		9A4341EB2A658B3F00F82E83 /* Debug */ = {
			isa = XCBuildConfiguration;
			buildSettings = {
				ALWAYS_EMBED_SWIFT_STANDARD_LIBRARIES = YES;
				CODE_SIGN_STYLE = Automatic;
				CURRENT_PROJECT_VERSION = 1;
				DEVELOPMENT_TEAM = Y5YT7CJS35;
				GENERATE_INFOPLIST_FILE = YES;
				MARKETING_VERSION = 1.0;
				PRODUCT_BUNDLE_IDENTIFIER = DeepFit.DeepFitUITests;
				PRODUCT_NAME = "$(TARGET_NAME)";
				SWIFT_EMIT_LOC_STRINGS = NO;
				SWIFT_VERSION = 5.0;
				TARGETED_DEVICE_FAMILY = "1,2";
				TEST_TARGET_NAME = DeepFit;
			};
			name = Debug;
		};
		9A4341EC2A658B3F00F82E83 /* Release */ = {
			isa = XCBuildConfiguration;
			buildSettings = {
				ALWAYS_EMBED_SWIFT_STANDARD_LIBRARIES = YES;
				CODE_SIGN_STYLE = Automatic;
				CURRENT_PROJECT_VERSION = 1;
				DEVELOPMENT_TEAM = Y5YT7CJS35;
				GENERATE_INFOPLIST_FILE = YES;
				MARKETING_VERSION = 1.0;
				PRODUCT_BUNDLE_IDENTIFIER = DeepFit.DeepFitUITests;
				PRODUCT_NAME = "$(TARGET_NAME)";
				SWIFT_EMIT_LOC_STRINGS = NO;
				SWIFT_VERSION = 5.0;
				TARGETED_DEVICE_FAMILY = "1,2";
				TEST_TARGET_NAME = DeepFit;
			};
			name = Release;
		};
/* End XCBuildConfiguration section */

/* Begin XCConfigurationList section */
		9A4341BB2A658B3D00F82E83 /* Build configuration list for PBXProject "DeepFit" */ = {
			isa = XCConfigurationList;
			buildConfigurations = (
				9A4341E22A658B3F00F82E83 /* Debug */,
				9A4341E32A658B3F00F82E83 /* Release */,
			);
			defaultConfigurationIsVisible = 0;
			defaultConfigurationName = Release;
		};
		9A4341E42A658B3F00F82E83 /* Build configuration list for PBXNativeTarget "DeepFit" */ = {
			isa = XCConfigurationList;
			buildConfigurations = (
				9A4341E52A658B3F00F82E83 /* Debug */,
				9A4341E62A658B3F00F82E83 /* Release */,
			);
			defaultConfigurationIsVisible = 0;
			defaultConfigurationName = Release;
		};
		9A4341E72A658B3F00F82E83 /* Build configuration list for PBXNativeTarget "DeepFitTests" */ = {
			isa = XCConfigurationList;
			buildConfigurations = (
				9A4341E82A658B3F00F82E83 /* Debug */,
				9A4341E92A658B3F00F82E83 /* Release */,
			);
			defaultConfigurationIsVisible = 0;
			defaultConfigurationName = Release;
		};
		9A4341EA2A658B3F00F82E83 /* Build configuration list for PBXNativeTarget "DeepFitUITests" */ = {
			isa = XCConfigurationList;
			buildConfigurations = (
				9A4341EB2A658B3F00F82E83 /* Debug */,
				9A4341EC2A658B3F00F82E83 /* Release */,
			);
			defaultConfigurationIsVisible = 0;
			defaultConfigurationName = Release;
		};
/* End XCConfigurationList section */
	};
	rootObject = 9A4341B82A658B3D00F82E83 /* Project object */;
}
